// !$*UTF8*$!
{
	archiveVersion = 1;
	classes = {
	};
	objectVersion = 56;
	objects = {

/* Begin PBXBuildFile section */
		A10000000000000000000001 /* AudioPriorityBarApp.swift in Sources */ = {isa = PBXBuildFile; fileRef = B10000000000000000000001 /* AudioPriorityBarApp.swift */; };
		A10000000000000000000002 /* StatusItemController.swift in Sources */ = {isa = PBXBuildFile; fileRef = B10000000000000000000002 /* StatusItemController.swift */; };
		A10000000000000000000003 /* Assets.xcassets in Resources */ = {isa = PBXBuildFile; fileRef = B10000000000000000000004 /* Assets.xcassets */; };
		A10000000000000000000004 /* LICENSE in Resources */ = {isa = PBXBuildFile; fileRef = B10000000000000000000005 /* LICENSE */; };
		A10000000000000000000005 /* CoreAudio.framework in Frameworks */ = {isa = PBXBuildFile; fileRef = B10000000000000000000009 /* CoreAudio.framework */; };
		A10000000000000000000006 /* AudioPriorityCore in Frameworks */ = {isa = PBXBuildFile; productRef = M100000000000000000000001 /* AudioPriorityCore */; };
		A10000000000000000000007 /* AppIdentityTests.swift in Sources */ = {isa = PBXBuildFile; fileRef = B10000000000000000000008 /* AppIdentityTests.swift */; };
		A10000000000000000000008 /* CoreAudioListeners.swift in Sources */ = {isa = PBXBuildFile; fileRef = B10000000000000000000010 /* CoreAudioListeners.swift */; };
		A10000000000000000000009 /* CoreAudioProperties.swift in Sources */ = {isa = PBXBuildFile; fileRef = B10000000000000000000011 /* CoreAudioProperties.swift */; };
		A10000000000000000000010 /* CoreAudioObserver.swift in Sources */ = {isa = PBXBuildFile; fileRef = B10000000000000000000012 /* CoreAudioObserver.swift */; };
		A10000000000000000000011 /* CoreAudioLifecycleTests.swift in Sources */ = {isa = PBXBuildFile; fileRef = B10000000000000000000013 /* CoreAudioLifecycleTests.swift */; };
		A10000000000000000000012 /* JabraHIDMonitor.swift in Sources */ = {isa = PBXBuildFile; fileRef = B10000000000000000000014 /* JabraHIDMonitor.swift */; };
		A10000000000000000000013 /* IOKit.framework in Frameworks */ = {isa = PBXBuildFile; fileRef = B10000000000000000000015 /* IOKit.framework */; };
		A10000000000000000000014 /* AppModel.swift in Sources */ = {isa = PBXBuildFile; fileRef = B10000000000000000000016 /* AppModel.swift */; };
		A10000000000000000000015 /* AppModelActions.swift in Sources */ = {isa = PBXBuildFile; fileRef = B10000000000000000000017 /* AppModelActions.swift */; };
		A10000000000000000000016 /* AppRuntime.swift in Sources */ = {isa = PBXBuildFile; fileRef = B10000000000000000000018 /* AppRuntime.swift */; };
		A10000000000000000000017 /* AppModelTests.swift in Sources */ = {isa = PBXBuildFile; fileRef = B10000000000000000000019 /* AppModelTests.swift */; };
		A10000000000000000000018 /* DeviceListView.swift in Sources */ = {isa = PBXBuildFile; fileRef = B10000000000000000000020 /* DeviceListView.swift */; };
		A10000000000000000000019 /* PanelView.swift in Sources */ = {isa = PBXBuildFile; fileRef = B10000000000000000000021 /* PanelView.swift */; };
		A10000000000000000000020 /* LaunchAtLoginController.swift in Sources */ = {isa = PBXBuildFile; fileRef = B10000000000000000000022 /* LaunchAtLoginController.swift */; };
		A10000000000000000000021 /* SettingsView.swift in Sources */ = {isa = PBXBuildFile; fileRef = B10000000000000000000023 /* SettingsView.swift */; };
		A10000000000000000000022 /* StatusItemRoutingTests.swift in Sources */ = {isa = PBXBuildFile; fileRef = B10000000000000000000024 /* StatusItemRoutingTests.swift */; };
		A10000000000000000000023 /* DeviceRowView.swift in Sources */ = {isa = PBXBuildFile; fileRef = B10000000000000000000025 /* DeviceRowView.swift */; };
		A10000000000000000000024 /* DeviceInteractionTests.swift in Sources */ = {isa = PBXBuildFile; fileRef = B10000000000000000000026 /* DeviceInteractionTests.swift */; };
		A10000000000000000000025 /* DeviceDrag.swift in Sources */ = {isa = PBXBuildFile; fileRef = B10000000000000000000027 /* DeviceDrag.swift */; };
		A10000000000000000000026 /* SelectionBehaviorTests.swift in Sources */ = {isa = PBXBuildFile; fileRef = B10000000000000000000028 /* SelectionBehaviorTests.swift */; };
/* End PBXBuildFile section */

/* Begin PBXContainerItemProxy section */
		I10000000000000000000001 /* PBXContainerItemProxy */ = {
			isa = PBXContainerItemProxy;
			containerPortal = G100000000000000000000001 /* Project object */;
			proxyType = 1;
			remoteGlobalIDString = F100000000000000000000001;
			remoteInfo = AudioPriorityBar;
		};
/* End PBXContainerItemProxy section */

/* Begin PBXFileReference section */
		B10000000000000000000001 /* AudioPriorityBarApp.swift */ = {isa = PBXFileReference; lastKnownFileType = sourcecode.swift; path = AudioPriorityBarApp.swift; sourceTree = "<group>"; };
		B10000000000000000000002 /* StatusItemController.swift */ = {isa = PBXFileReference; lastKnownFileType = sourcecode.swift; path = StatusItemController.swift; sourceTree = "<group>"; };
		B10000000000000000000003 /* Info.plist */ = {isa = PBXFileReference; lastKnownFileType = text.plist.xml; path = Info.plist; sourceTree = "<group>"; };
		B10000000000000000000004 /* Assets.xcassets */ = {isa = PBXFileReference; lastKnownFileType = folder.assetcatalog; path = Assets.xcassets; sourceTree = "<group>"; };
		B10000000000000000000005 /* LICENSE */ = {isa = PBXFileReference; lastKnownFileType = text; path = LICENSE; sourceTree = "<group>"; };
		B10000000000000000000006 /* AudioPriorityBar.app */ = {isa = PBXFileReference; explicitFileType = wrapper.application; includeInIndex = 0; path = AudioPriorityBar.app; sourceTree = BUILT_PRODUCTS_DIR; };
		B10000000000000000000007 /* AudioPriorityBarTests.xctest */ = {isa = PBXFileReference; explicitFileType = wrapper.cfbundle; includeInIndex = 0; path = AudioPriorityBarTests.xctest; sourceTree = BUILT_PRODUCTS_DIR; };
		B10000000000000000000008 /* AppIdentityTests.swift */ = {isa = PBXFileReference; lastKnownFileType = sourcecode.swift; path = AppIdentityTests.swift; sourceTree = "<group>"; };
		B10000000000000000000009 /* CoreAudio.framework */ = {isa = PBXFileReference; lastKnownFileType = wrapper.framework; name = CoreAudio.framework; path = System/Library/Frameworks/CoreAudio.framework; sourceTree = SDKROOT; };
		B10000000000000000000010 /* CoreAudioListeners.swift */ = {isa = PBXFileReference; lastKnownFileType = sourcecode.swift; path = CoreAudioListeners.swift; sourceTree = "<group>"; };
		B10000000000000000000011 /* CoreAudioProperties.swift */ = {isa = PBXFileReference; lastKnownFileType = sourcecode.swift; path = CoreAudioProperties.swift; sourceTree = "<group>"; };
		B10000000000000000000012 /* CoreAudioObserver.swift */ = {isa = PBXFileReference; lastKnownFileType = sourcecode.swift; path = CoreAudioObserver.swift; sourceTree = "<group>"; };
		B10000000000000000000013 /* CoreAudioLifecycleTests.swift */ = {isa = PBXFileReference; lastKnownFileType = sourcecode.swift; path = CoreAudioLifecycleTests.swift; sourceTree = "<group>"; };
		B10000000000000000000014 /* JabraHIDMonitor.swift */ = {isa = PBXFileReference; lastKnownFileType = sourcecode.swift; path = JabraHIDMonitor.swift; sourceTree = "<group>"; };
		B10000000000000000000015 /* IOKit.framework */ = {isa = PBXFileReference; lastKnownFileType = wrapper.framework; name = IOKit.framework; path = System/Library/Frameworks/IOKit.framework; sourceTree = SDKROOT; };
		B10000000000000000000016 /* AppModel.swift */ = {isa = PBXFileReference; lastKnownFileType = sourcecode.swift; path = AppModel.swift; sourceTree = "<group>"; };
		B10000000000000000000017 /* AppModelActions.swift */ = {isa = PBXFileReference; lastKnownFileType = sourcecode.swift; path = AppModelActions.swift; sourceTree = "<group>"; };
		B10000000000000000000018 /* AppRuntime.swift */ = {isa = PBXFileReference; lastKnownFileType = sourcecode.swift; path = AppRuntime.swift; sourceTree = "<group>"; };
		B10000000000000000000019 /* AppModelTests.swift */ = {isa = PBXFileReference; lastKnownFileType = sourcecode.swift; path = AppModelTests.swift; sourceTree = "<group>"; };
		B10000000000000000000020 /* DeviceListView.swift */ = {isa = PBXFileReference; lastKnownFileType = sourcecode.swift; path = DeviceListView.swift; sourceTree = "<group>"; };
		B10000000000000000000021 /* PanelView.swift */ = {isa = PBXFileReference; lastKnownFileType = sourcecode.swift; path = PanelView.swift; sourceTree = "<group>"; };
		B10000000000000000000022 /* LaunchAtLoginController.swift */ = {isa = PBXFileReference; lastKnownFileType = sourcecode.swift; path = LaunchAtLoginController.swift; sourceTree = "<group>"; };
		B10000000000000000000023 /* SettingsView.swift */ = {isa = PBXFileReference; lastKnownFileType = sourcecode.swift; path = SettingsView.swift; sourceTree = "<group>"; };
		B10000000000000000000024 /* StatusItemRoutingTests.swift */ = {isa = PBXFileReference; lastKnownFileType = sourcecode.swift; path = StatusItemRoutingTests.swift; sourceTree = "<group>"; };
		B10000000000000000000025 /* DeviceRowView.swift */ = {isa = PBXFileReference; lastKnownFileType = sourcecode.swift; path = DeviceRowView.swift; sourceTree = "<group>"; };
		B10000000000000000000026 /* DeviceInteractionTests.swift */ = {isa = PBXFileReference; lastKnownFileType = sourcecode.swift; path = DeviceInteractionTests.swift; sourceTree = "<group>"; };
		B10000000000000000000027 /* DeviceDrag.swift */ = {isa = PBXFileReference; lastKnownFileType = sourcecode.swift; path = DeviceDrag.swift; sourceTree = "<group>"; };
		B10000000000000000000028 /* SelectionBehaviorTests.swift */ = {isa = PBXFileReference; lastKnownFileType = sourcecode.swift; path = SelectionBehaviorTests.swift; sourceTree = "<group>"; };
/* End PBXFileReference section */

/* Begin PBXFrameworksBuildPhase section */
		C100000000000000000000001 /* Frameworks */ = {
			isa = PBXFrameworksBuildPhase;
			buildActionMask = 2147483647;
			files = (
				A10000000000000000000005 /* CoreAudio.framework in Frameworks */,
				A10000000000000000000013 /* IOKit.framework in Frameworks */,
				A10000000000000000000006 /* AudioPriorityCore in Frameworks */,
			);
			runOnlyForDeploymentPostprocessing = 0;
		};
		C100000000000000000000002 /* Frameworks */ = {
			isa = PBXFrameworksBuildPhase;
			buildActionMask = 2147483647;
			files = (
			);
			runOnlyForDeploymentPostprocessing = 0;
		};
/* End PBXFrameworksBuildPhase section */

/* Begin PBXGroup section */
		D100000000000000000000001 = {
			isa = PBXGroup;
			children = (
				D100000000000000000000002 /* AudioPriorityBar */,
				D100000000000000000000003 /* AudioPriorityBarTests */,
				D100000000000000000000005 /* Frameworks */,
				D100000000000000000000004 /* Products */,
				B10000000000000000000005 /* LICENSE */,
			);
			sourceTree = "<group>";
		};
		D100000000000000000000002 /* AudioPriorityBar */ = {
			isa = PBXGroup;
			children = (
				B10000000000000000000001 /* AudioPriorityBarApp.swift */,
				B10000000000000000000002 /* StatusItemController.swift */,
				B10000000000000000000010 /* CoreAudioListeners.swift */,
				B10000000000000000000011 /* CoreAudioProperties.swift */,
				B10000000000000000000012 /* CoreAudioObserver.swift */,
				B10000000000000000000014 /* JabraHIDMonitor.swift */,
				B10000000000000000000016 /* AppModel.swift */,
				B10000000000000000000017 /* AppModelActions.swift */,
				B10000000000000000000018 /* AppRuntime.swift */,
				B10000000000000000000020 /* DeviceListView.swift */,
				B10000000000000000000025 /* DeviceRowView.swift */,
				B10000000000000000000027 /* DeviceDrag.swift */,
				B10000000000000000000021 /* PanelView.swift */,
				B10000000000000000000022 /* LaunchAtLoginController.swift */,
				B10000000000000000000023 /* SettingsView.swift */,
				B10000000000000000000004 /* Assets.xcassets */,
				B10000000000000000000003 /* Info.plist */,
			);
			path = AudioPriorityBar;
			sourceTree = "<group>";
		};
		D100000000000000000000003 /* AudioPriorityBarTests */ = {
			isa = PBXGroup;
			children = (
				B10000000000000000000008 /* AppIdentityTests.swift */,
				B10000000000000000000013 /* CoreAudioLifecycleTests.swift */,
				B10000000000000000000019 /* AppModelTests.swift */,
				B10000000000000000000026 /* DeviceInteractionTests.swift */,
				B10000000000000000000028 /* SelectionBehaviorTests.swift */,
				B10000000000000000000024 /* StatusItemRoutingTests.swift */,
			);
			path = AudioPriorityBarTests;
			sourceTree = "<group>";
		};
		D100000000000000000000004 /* Products */ = {
			isa = PBXGroup;
			children = (
				B10000000000000000000006 /* AudioPriorityBar.app */,
				B10000000000000000000007 /* AudioPriorityBarTests.xctest */,
			);
			name = Products;
			sourceTree = "<group>";
		};
		D100000000000000000000005 /* Frameworks */ = {
			isa = PBXGroup;
			children = (
				B10000000000000000000009 /* CoreAudio.framework */,
				B10000000000000000000015 /* IOKit.framework */,
			);
			name = Frameworks;
			sourceTree = "<group>";
		};
/* End PBXGroup section */

/* Begin PBXNativeTarget section */
		F100000000000000000000001 /* AudioPriorityBar */ = {
			isa = PBXNativeTarget;
			buildConfigurationList = K100000000000000000000001 /* Build configuration list for PBXNativeTarget "AudioPriorityBar" */;
			buildPhases = (
				H100000000000000000000001 /* Sources */,
				C100000000000000000000001 /* Frameworks */,
				E100000000000000000000001 /* Resources */,
			);
			buildRules = (
			);
			dependencies = (
			);
			name = AudioPriorityBar;
			packageProductDependencies = (
				M100000000000000000000001 /* AudioPriorityCore */,
			);
			productName = AudioPriorityBar;
			productReference = B10000000000000000000006 /* AudioPriorityBar.app */;
			productType = "com.apple.product-type.application";
		};
		F100000000000000000000002 /* AudioPriorityBarTests */ = {
			isa = PBXNativeTarget;
			buildConfigurationList = K100000000000000000000002 /* Build configuration list for PBXNativeTarget "AudioPriorityBarTests" */;
			buildPhases = (
				H100000000000000000000002 /* Sources */,
				C100000000000000000000002 /* Frameworks */,
			);
			buildRules = (
			);
			dependencies = (
				I10000000000000000000002 /* PBXTargetDependency */,
			);
			name = AudioPriorityBarTests;
			productName = AudioPriorityBarTests;
			productReference = B10000000000000000000007 /* AudioPriorityBarTests.xctest */;
			productType = "com.apple.product-type.bundle.unit-test";
		};
/* End PBXNativeTarget section */

/* Begin PBXProject section */
		G100000000000000000000001 /* Project object */ = {
			isa = PBXProject;
			attributes = {
				BuildIndependentTargetsInParallel = 1;
				LastSwiftUpdateCheck = 1600;
				LastUpgradeCheck = 1600;
				TargetAttributes = {
					F100000000000000000000001 = {
						CreatedOnToolsVersion = 16.0;
					};
					F100000000000000000000002 = {
						CreatedOnToolsVersion = 16.0;
						TestTargetID = F100000000000000000000001;
					};
				};
			};
			buildConfigurationList = K100000000000000000000003 /* Build configuration list for PBXProject "AudioPriorityBar" */;
			compatibilityVersion = "Xcode 14.0";
			developmentRegion = en;
			hasScannedForEncodings = 0;
			knownRegions = (
				en,
				Base,
			);
			mainGroup = D100000000000000000000001;
			packageReferences = (
				L100000000000000000000001 /* XCLocalSwiftPackageReference "AudioPriorityCore" */,
			);
			productRefGroup = D100000000000000000000004 /* Products */;
			projectDirPath = "";
			projectRoot = "";
			targets = (
				F100000000000000000000001 /* AudioPriorityBar */,
				F100000000000000000000002 /* AudioPriorityBarTests */,
			);
		};
/* End PBXProject section */

/* Begin PBXResourcesBuildPhase section */
		E100000000000000000000001 /* Resources */ = {
			isa = PBXResourcesBuildPhase;
			buildActionMask = 2147483647;
			files = (
				A10000000000000000000003 /* Assets.xcassets in Resources */,
				A10000000000000000000004 /* LICENSE in Resources */,
			);
			runOnlyForDeploymentPostprocessing = 0;
		};
/* End PBXResourcesBuildPhase section */

/* Begin PBXSourcesBuildPhase section */
		H100000000000000000000001 /* Sources */ = {
			isa = PBXSourcesBuildPhase;
			buildActionMask = 2147483647;
			files = (
				A10000000000000000000001 /* AudioPriorityBarApp.swift in Sources */,
				A10000000000000000000002 /* StatusItemController.swift in Sources */,
				A10000000000000000000008 /* CoreAudioListeners.swift in Sources */,
				A10000000000000000000009 /* CoreAudioProperties.swift in Sources */,
				A10000000000000000000010 /* CoreAudioObserver.swift in Sources */,
				A10000000000000000000012 /* JabraHIDMonitor.swift in Sources */,
				A10000000000000000000014 /* AppModel.swift in Sources */,
				A10000000000000000000015 /* AppModelActions.swift in Sources */,
				A10000000000000000000016 /* AppRuntime.swift in Sources */,
				A10000000000000000000018 /* DeviceListView.swift in Sources */,
				A10000000000000000000023 /* DeviceRowView.swift in Sources */,
				A10000000000000000000025 /* DeviceDrag.swift in Sources */,
				A10000000000000000000019 /* PanelView.swift in Sources */,
				A10000000000000000000020 /* LaunchAtLoginController.swift in Sources */,
				A10000000000000000000021 /* SettingsView.swift in Sources */,
			);
			runOnlyForDeploymentPostprocessing = 0;
		};
		H100000000000000000000002 /* Sources */ = {
			isa = PBXSourcesBuildPhase;
			buildActionMask = 2147483647;
			files = (
				A10000000000000000000007 /* AppIdentityTests.swift in Sources */,
				A10000000000000000000011 /* CoreAudioLifecycleTests.swift in Sources */,
				A10000000000000000000017 /* AppModelTests.swift in Sources */,
				A10000000000000000000024 /* DeviceInteractionTests.swift in Sources */,
				A10000000000000000000026 /* SelectionBehaviorTests.swift in Sources */,
				A10000000000000000000022 /* StatusItemRoutingTests.swift in Sources */,
			);
			runOnlyForDeploymentPostprocessing = 0;
		};
/* End PBXSourcesBuildPhase section */

/* Begin PBXTargetDependency section */
		I10000000000000000000002 /* PBXTargetDependency */ = {
			isa = PBXTargetDependency;
			target = F100000000000000000000001 /* AudioPriorityBar */;
			targetProxy = I10000000000000000000001 /* PBXContainerItemProxy */;
		};
/* End PBXTargetDependency section */

/* Begin XCBuildConfiguration section */
		J100000000000000000000001 /* Debug */ = {
			isa = XCBuildConfiguration;
			buildSettings = {
				ALWAYS_SEARCH_USER_PATHS = NO;
				CLANG_ENABLE_MODULES = YES;
				CLANG_ENABLE_OBJC_ARC = YES;
				COPY_PHASE_STRIP = NO;
				DEBUG_INFORMATION_FORMAT = dwarf;
				ENABLE_TESTABILITY = YES;
				GCC_C_LANGUAGE_STANDARD = gnu17;
				GCC_OPTIMIZATION_LEVEL = 0;
				MACOSX_DEPLOYMENT_TARGET = 14.0;
				ONLY_ACTIVE_ARCH = YES;
				SDKROOT = macosx;
				SWIFT_ACTIVE_COMPILATION_CONDITIONS = "DEBUG $(inherited)";
				SWIFT_OPTIMIZATION_LEVEL = "-Onone";
				SWIFT_VERSION = 6.0;
			};
			name = Debug;
		};
		J100000000000000000000002 /* Release */ = {
			isa = XCBuildConfiguration;
			buildSettings = {
				ALWAYS_SEARCH_USER_PATHS = NO;
				CLANG_ENABLE_MODULES = YES;
				CLANG_ENABLE_OBJC_ARC = YES;
				DEBUG_INFORMATION_FORMAT = "dwarf-with-dsym";
				ENABLE_NS_ASSERTIONS = NO;
				GCC_C_LANGUAGE_STANDARD = gnu17;
				MACOSX_DEPLOYMENT_TARGET = 14.0;
				SDKROOT = macosx;
				SWIFT_COMPILATION_MODE = wholemodule;
				SWIFT_VERSION = 6.0;
			};
			name = Release;
		};
		J100000000000000000000003 /* Debug */ = {
			isa = XCBuildConfiguration;
			buildSettings = {
				ASSETCATALOG_COMPILER_APPICON_NAME = AppIcon;
				CODE_SIGN_STYLE = Automatic;
				CURRENT_PROJECT_VERSION = 1;
				DEVELOPMENT_TEAM = "";
				GENERATE_INFOPLIST_FILE = NO;
				INFOPLIST_FILE = AudioPriorityBar/Info.plist;
				LD_RUNPATH_SEARCH_PATHS = (
					"$(inherited)",
					"@executable_path/../Frameworks",
				);
				MARKETING_VERSION = 2.0.0;
				PRODUCT_BUNDLE_IDENTIFIER = app.audioprioritybar;
				PRODUCT_NAME = "$(TARGET_NAME)";
				SWIFT_STRICT_CONCURRENCY = complete;
				SWIFT_VERSION = 6.0;
			};
			name = Debug;
		};
		J100000000000000000000004 /* Release */ = {
			isa = XCBuildConfiguration;
			buildSettings = {
				ASSETCATALOG_COMPILER_APPICON_NAME = AppIcon;
				CODE_SIGN_STYLE = Automatic;
				CURRENT_PROJECT_VERSION = 1;
				DEVELOPMENT_TEAM = "";
				GENERATE_INFOPLIST_FILE = NO;
				INFOPLIST_FILE = AudioPriorityBar/Info.plist;
				LD_RUNPATH_SEARCH_PATHS = (
					"$(inherited)",
					"@executable_path/../Frameworks",
				);
				MARKETING_VERSION = 2.0.0;
				PRODUCT_BUNDLE_IDENTIFIER = app.audioprioritybar;
				PRODUCT_NAME = "$(TARGET_NAME)";
				SWIFT_STRICT_CONCURRENCY = complete;
				SWIFT_VERSION = 6.0;
			};
			name = Release;
		};
		J100000000000000000000005 /* Debug */ = {
			isa = XCBuildConfiguration;
			buildSettings = {
				BUNDLE_LOADER = "$(TEST_HOST)";
				CODE_SIGN_STYLE = Automatic;
				CURRENT_PROJECT_VERSION = 1;
				DEVELOPMENT_TEAM = "";
				GENERATE_INFOPLIST_FILE = YES;
				MACOSX_DEPLOYMENT_TARGET = 14.0;
				PRODUCT_BUNDLE_IDENTIFIER = app.audioprioritybar.tests;
				PRODUCT_NAME = "$(TARGET_NAME)";
				SWIFT_STRICT_CONCURRENCY = complete;
				SWIFT_VERSION = 6.0;
				TEST_HOST = "$(BUILT_PRODUCTS_DIR)/AudioPriorityBar.app/Contents/MacOS/AudioPriorityBar";
			};
			name = Debug;
		};
		J100000000000000000000006 /* Release */ = {
			isa = XCBuildConfiguration;
			buildSettings = {
				BUNDLE_LOADER = "$(TEST_HOST)";
				CODE_SIGN_STYLE = Automatic;
				CURRENT_PROJECT_VERSION = 1;
				DEVELOPMENT_TEAM = "";
				GENERATE_INFOPLIST_FILE = YES;
				MACOSX_DEPLOYMENT_TARGET = 14.0;
				PRODUCT_BUNDLE_IDENTIFIER = app.audioprioritybar.tests;
				PRODUCT_NAME = "$(TARGET_NAME)";
				SWIFT_STRICT_CONCURRENCY = complete;
				SWIFT_VERSION = 6.0;
				TEST_HOST = "$(BUILT_PRODUCTS_DIR)/AudioPriorityBar.app/Contents/MacOS/AudioPriorityBar";
			};
			name = Release;
		};
/* End XCBuildConfiguration section */

/* Begin XCConfigurationList section */
		K100000000000000000000001 /* Build configuration list for PBXNativeTarget "AudioPriorityBar" */ = {
			isa = XCConfigurationList;
			buildConfigurations = (
				J100000000000000000000003 /* Debug */,
				J100000000000000000000004 /* Release */,
			);
			defaultConfigurationIsVisible = 0;
			defaultConfigurationName = Release;
		};
		K100000000000000000000002 /* Build configuration list for PBXNativeTarget "AudioPriorityBarTests" */ = {
			isa = XCConfigurationList;
			buildConfigurations = (
				J100000000000000000000005 /* Debug */,
				J100000000000000000000006 /* Release */,
			);
			defaultConfigurationIsVisible = 0;
			defaultConfigurationName = Release;
		};
		K100000000000000000000003 /* Build configuration list for PBXProject "AudioPriorityBar" */ = {
			isa = XCConfigurationList;
			buildConfigurations = (
				J100000000000000000000001 /* Debug */,
				J100000000000000000000002 /* Release */,
			);
			defaultConfigurationIsVisible = 0;
			defaultConfigurationName = Release;
		};
/* End XCConfigurationList section */

/* Begin XCLocalSwiftPackageReference section */
		L100000000000000000000001 /* XCLocalSwiftPackageReference "AudioPriorityCore" */ = {
			isa = XCLocalSwiftPackageReference;
			relativePath = AudioPriorityCore;
		};
/* End XCLocalSwiftPackageReference section */

/* Begin XCSwiftPackageProductDependency section */
		M100000000000000000000001 /* AudioPriorityCore */ = {
			isa = XCSwiftPackageProductDependency;
			package = L100000000000000000000001 /* XCLocalSwiftPackageReference "AudioPriorityCore" */;
			productName = AudioPriorityCore;
		};
/* End XCSwiftPackageProductDependency section */

	};
	rootObject = G100000000000000000000001 /* Project object */;
}
